
Microsoft Visual Studio Solution File, Format Version 12.00
# Visual Studio Version 17
VisualStudioVersion = 17.4.33205.214
MinimumVisualStudioVersion = 10.0.40219.1
Project("{FAE04EC0-301F-11D3-BF4B-00C04F79EFBC}") = "MyFirstWebAPI", "MyFirstWebAPI.csproj", "{9979D75E-2D20-4B21-A26E-3491458D547F}"
EndProject
Global
	GlobalSection(SolutionConfigurationPlatforms) = preSolution
		Debug|Any CPU = Debug|Any CPU
		Release|Any CPU = Release|Any CPU
	EndGlobalSection
	GlobalSection(ProjectConfigurationPlatforms) = postSolution
		{9979D75E-2D20-4B21-A26E-3491458D547F}.Debug|Any CPU.ActiveCfg = Debug|Any CPU
		{9979D75E-2D20-4B21-A26E-3491458D547F}.Debug|Any CPU.Build.0 = Debug|Any CPU
		{9979D75E-2D20-4B21-A26E-3491458D547F}.Release|Any CPU.ActiveCfg = Release|Any CPU
		{9979D75E-2D20-4B21-A26E-3491458D547F}.Release|Any CPU.Build.0 = Release|Any CPU
	EndGlobalSection
	GlobalSection(SolutionProperties) = preSolution
		HideSolutionNode = FALSE
	EndGlobalSection
	GlobalSection(ExtensibilityGlobals) = postSolution
		SolutionGuid = {C7ECA1FB-607D-4364-9B8B-F480644AD1BE}
	EndGlobalSection
EndGlobal
